
Microsoft Visual Studio Solution File, Format Version 12.00
# Visual Studio Version 17
VisualStudioVersion = 17.13.35828.75 d17.13
MinimumVisualStudioVersion = 10.0.40219.1
Project("{FAE04EC0-301F-11D3-BF4B-00C04F79EFBC}") = "Online Voting System", "Online Voting System\Online Voting System.csproj", "{C3D8FCDC-16E9-4009-B834-18EFCF8E326C}"
EndProject
Global
	GlobalSection(SolutionConfigurationPlatforms) = preSolution
		Debug|Any CPU = Debug|Any CPU
		Release|Any CPU = Release|Any CPU
	EndGlobalSection
	GlobalSection(ProjectConfigurationPlatforms) = postSolution
		{C3D8FCDC-16E9-4009-B834-18EFCF8E326C}.Debug|Any CPU.ActiveCfg = Debug|Any CPU
		{C3D8FCDC-16E9-4009-B834-18EFCF8E326C}.Debug|Any CPU.Build.0 = Debug|Any CPU
		{C3D8FCDC-16E9-4009-B834-18EFCF8E326C}.Release|Any CPU.ActiveCfg = Release|Any CPU
		{C3D8FCDC-16E9-4009-B834-18EFCF8E326C}.Release|Any CPU.Build.0 = Release|Any CPU
	EndGlobalSection
	GlobalSection(SolutionProperties) = preSolution
		HideSolutionNode = FALSE
	EndGlobalSection
	GlobalSection(ExtensibilityGlobals) = postSolution
		SolutionGuid = {A1435FA7-10A9-4386-B685-79FA8F8A5BF8}
	EndGlobalSection
EndGlobal
